PODS:
  - Alamofire (5.10.1)
  - AppShared (0.1.0):
    - RxSwift
    - SnapKit
  - Coordinator (0.1.0)
  - Data (0.1.0):
    - LocalStorage
    - NetworkService
  - DesignSystem (0.1.0)
  - Domain (0.1.0):
    - Domain/Network (= 0.1.0)
  - Domain/Network (0.1.0):
    - NetworkService
    - RxSwift
  - Kingfisher (8.1.1)
  - LocalStorage (0.1.0):
    - Domain
  - Moya/Core (15.0.0):
    - Alamofire (~> 5.0)
  - Moya/RxSwift (15.0.0):
    - Moya/Core
    - RxSwift (~> 6.0)
  - NetworkService (0.1.0):
    - Moya/RxSwift (~> 15.0)
    - RxAlamofire
  - NetworkService/NetworkServiceTests (0.1.0):
    - Moya/RxSwift (~> 15.0)
    - RxAlamofire
    - SnapshotTesting
  - RxAlamofire (6.1.1):
    - RxAlamofire/Core (= 6.1.1)
  - RxAlamofire/Core (6.1.1):
    - Alamofire (~> 5.4)
    - RxSwift (~> 6.0)
  - RxCocoa (6.8.0):
    - RxRelay (= 6.8.0)
    - RxSwift (= 6.8.0)
  - RxRelay (6.8.0):
    - RxSwift (= 6.8.0)
  - RxSwift (6.8.0)
  - SnapKit (5.7.1)
  - SnapshotTesting (1.9.0)
  - Users (0.1.0):
    - AppShared
    - Coordinator
    - Data
    - Domain
    - Kingfisher
    - RxCocoa
    - RxRelay
    - SnapKit

DEPENDENCIES:
  - AppShared (from `Modules/AppShared`)
  - Coordinator (from `Modules/Coordinator`)
  - Data (from `Modules/Data`)
  - DesignSystem (from `Modules/DesignSystem`)
  - Domain (from `Modules/Domain`)
  - LocalStorage (from `Modules/LocalStorage`)
  - NetworkService (from `Modules/NetworkService`)
  - NetworkService/NetworkServiceTests (from `Modules/NetworkService`)
  - Users (from `Modules/Users`)

SPEC REPOS:
  trunk:
    - Alamofire
    - Kingfisher
    - Moya
    - RxAlamofire
    - RxCocoa
    - RxRelay
    - RxSwift
    - SnapKit
    - SnapshotTesting

EXTERNAL SOURCES:
  AppShared:
    :path: Modules/AppShared
  Coordinator:
    :path: Modules/Coordinator
  Data:
    :path: Modules/Data
  DesignSystem:
    :path: Modules/DesignSystem
  Domain:
    :path: Modules/Domain
  LocalStorage:
    :path: Modules/LocalStorage
  NetworkService:
    :path: Modules/NetworkService
  Users:
    :path: Modules/Users

SPEC CHECKSUMS:
  Alamofire: 840d2a1ad82355b536ec6ba5f97e5bfa54600ca3
  AppShared: a87b27d9242e14741548f2cd487c3abbf6fd8719
  Coordinator: 4f660f274ae41557fec9c2afc716c0dfaaabf83c
  Data: 41f354414201378a12cf4e2e00314c9af321768c
  DesignSystem: 8053e414071d67dea2f18b1bb2700368869d3217
  Domain: 0f489a9361ea91d6f4b68ffa6afee0e5310f9e41
  Kingfisher: fc2788e497306f97fdef6e4df49f02106cb57788
  LocalStorage: 646008f21bc06112549ba8518bc2d589e957f00c
  Moya: 138f0573e53411fb3dc17016add0b748dfbd78ee
  NetworkService: 00703819776211081bf3e8b69d024e5ba5257624
  RxAlamofire: beb75a1c452d0de225651db4903f5d29d034a620
  RxCocoa: 2d33c1e1e5d66492052ad46b11024ae287572880
  RxRelay: 335c78b926a2aea8d863a6d25f1ed3b5ad8e8705
  RxSwift: 4e28be97cbcfeee614af26d83415febbf2bf6f45
  SnapKit: d612e99e678a2d3b95bf60b0705ed0a35c03484a
  SnapshotTesting: 6141c48b6aa76ead61431ca665c14ab9a066c53b
  Users: e89afd7ab99d05b765873c205c02f9825368824d

PODFILE CHECKSUM: 6c95a70178a9ad1d7a463ee3623e28aed8c654ba

COCOAPODS: 1.15.2
