PODS:
  - Alamofire (5.10.1)
  - AppShared (0.1.0):
    - RxSwift
    - SnapKit
  - Coordinator (0.1.0)
  - Data (0.1.0):
    - AppShared
    - LocalStorage
    - NetworkService
  - DesignSystem (0.1.0)
  - Domain (0.1.0):
    - Domain/Network (= 0.1.0)
  - Domain/Network (0.1.0):
    - NetworkService
    - RxSwift
  - Kingfisher (8.1.1)
  - LocalStorage (0.1.0):
    - Domain
  - LocalStorage/LocalStorageTests (0.1.0):
    - Domain
  - Moya/Core (15.0.0):
    - Alamofire (~> 5.0)
  - Moya/RxSwift (15.0.0):
    - Moya/Core
    - RxSwift (~> 6.0)
  - NetworkService (0.1.0):
    - Moya/RxSwift (~> 15.0)
    - RxAlamofire
  - NetworkService/NetworkServiceTests (0.1.0):
    - Moya/RxSwift (~> 15.0)
    - RxAlamofire
  - RxAlamofire (6.1.1):
    - RxAlamofire/Core (= 6.1.1)
  - RxAlamofire/Core (6.1.1):
    - Alamofire (~> 5.4)
    - RxSwift (~> 6.0)
  - RxCocoa (6.8.0):
    - RxRelay (= 6.8.0)
    - RxSwift (= 6.8.0)
  - RxRelay (6.8.0):
    - RxSwift (= 6.8.0)
  - RxSwift (6.8.0)
  - RxTest (6.8.0):
    - RxSwift (= 6.8.0)
  - SnapKit (5.7.1)
  - SnapshotTesting (1.9.0)
  - Users (0.1.0):
    - AppShared
    - Coordinator
    - Data
    - DesignSystem
    - Domain
    - Kingfisher
    - RxCocoa
    - RxRelay
    - SnapKit
  - Users/UsersTests (0.1.0):
    - AppShared
    - Coordinator
    - Data
    - DesignSystem
    - Domain
    - Kingfisher
    - RxCocoa
    - RxRelay
    - RxTest
    - SnapKit
    - SnapshotTesting

DEPENDENCIES:
  - AppShared (from `Modules/AppShared`)
  - Coordinator (from `Modules/Coordinator`)
  - Data (from `Modules/Data`)
  - DesignSystem (from `Modules/DesignSystem`)
  - Domain (from `Modules/Domain`)
  - LocalStorage (from `Modules/LocalStorage`)
  - LocalStorage/LocalStorageTests (from `Modules/LocalStorage`)
  - NetworkService (from `Modules/NetworkService`)
  - NetworkService/NetworkServiceTests (from `Modules/NetworkService`)
  - Users (from `Modules/Users`)
  - Users/UsersTests (from `Modules/Users`)

SPEC REPOS:
  trunk:
    - Alamofire
    - Kingfisher
    - Moya
    - RxAlamofire
    - RxCocoa
    - RxRelay
    - RxSwift
    - RxTest
    - SnapKit
    - SnapshotTesting

EXTERNAL SOURCES:
  AppShared:
    :path: Modules/AppShared
  Coordinator:
    :path: Modules/Coordinator
  Data:
    :path: Modules/Data
  DesignSystem:
    :path: Modules/DesignSystem
  Domain:
    :path: Modules/Domain
  LocalStorage:
    :path: Modules/LocalStorage
  NetworkService:
    :path: Modules/NetworkService
  Users:
    :path: Modules/Users

SPEC CHECKSUMS:
  Alamofire: 840d2a1ad82355b536ec6ba5f97e5bfa54600ca3
  AppShared: a87b27d9242e14741548f2cd487c3abbf6fd8719
  Coordinator: 830f58b14c6faee47d6de3280db663f264b14364
  Data: 628c7e4fc756df45a28d3b31b2162389a9f13224
  DesignSystem: e31fdcafea846b4d6b020527bc1a3047cc5e26d4
  Domain: 0f489a9361ea91d6f4b68ffa6afee0e5310f9e41
  Kingfisher: fc2788e497306f97fdef6e4df49f02106cb57788
  LocalStorage: ce0704e0b31c75cde4650b362afa735c5e0d379d
  Moya: 138f0573e53411fb3dc17016add0b748dfbd78ee
  NetworkService: cf38a56a802d53bdec6f151fcddb815edff2ba5a
  RxAlamofire: beb75a1c452d0de225651db4903f5d29d034a620
  RxCocoa: 2d33c1e1e5d66492052ad46b11024ae287572880
  RxRelay: 335c78b926a2aea8d863a6d25f1ed3b5ad8e8705
  RxSwift: 4e28be97cbcfeee614af26d83415febbf2bf6f45
  RxTest: d0fa1ec82feb41efa826a59173ec65eafbbe4aaf
  SnapKit: d612e99e678a2d3b95bf60b0705ed0a35c03484a
  SnapshotTesting: 6141c48b6aa76ead61431ca665c14ab9a066c53b
  Users: ee55923891667574387b0e58f20d0465313e042a

PODFILE CHECKSUM: d4bb47a27aba9f2d374a3659652191bb95ea1068

COCOAPODS: 1.15.2
