PODS:
  - Alamofire (5.10.1)
  - AppShared (0.1.0):
    - RxSwift
    - SnapKit
  - Coordinator (0.1.0)
  - Data (0.1.0):
    - AppShared
    - LocalStorage
    - NetworkService
  - DesignSystem (0.1.0)
  - Domain (0.1.0):
    - Domain/Network (= 0.1.0)
  - Domain/Network (0.1.0):
    - NetworkService
    - RxSwift
  - Kingfisher (8.1.1)
  - LocalStorage (0.1.0):
    - AppShared
    - Domain
  - LocalStorage/LocalStorageTests (0.1.0):
    - AppShared
    - Domain
  - Moya/Core (15.0.0):
    - Alamofire (~> 5.0)
  - Moya/RxSwift (15.0.0):
    - Moya/Core
    - RxSwift (~> 6.0)
  - NetworkService (0.1.0):
    - Moya/RxSwift (~> 15.0)
    - RxAlamofire
  - NetworkService/NetworkServiceTests (0.1.0):
    - Moya/RxSwift (~> 15.0)
    - RxAlamofire
  - RxAlamofire (6.1.1):
    - RxAlamofire/Core (= 6.1.1)
  - RxAlamofire/Core (6.1.1):
    - Alamofire (~> 5.4)
    - RxSwift (~> 6.0)
  - RxCocoa (6.8.0):
    - RxRelay (= 6.8.0)
    - RxSwift (= 6.8.0)
  - RxRelay (6.8.0):
    - RxSwift (= 6.8.0)
  - RxSwift (6.8.0)
  - RxTest (6.8.0):
    - RxSwift (= 6.8.0)
  - SnapKit (5.7.1)
  - SnapshotTesting (1.9.0)
  - Users (0.1.0):
    - AppShared
    - Coordinator
    - Data
    - DesignSystem
    - Domain
    - Kingfisher
    - RxCocoa
    - RxRelay
    - SnapKit
  - Users/UsersTests (0.1.0):
    - AppShared
    - Coordinator
    - Data
    - DesignSystem
    - Domain
    - Kingfisher
    - RxCocoa
    - RxRelay
    - RxTest
    - SnapKit
    - SnapshotTesting

DEPENDENCIES:
  - AppShared (from `Modules/AppShared`)
  - Coordinator (from `Modules/Coordinator`)
  - Data (from `Modules/Data`)
  - DesignSystem (from `Modules/DesignSystem`)
  - Domain (from `Modules/Domain`)
  - LocalStorage (from `Modules/LocalStorage`)
  - LocalStorage/LocalStorageTests (from `Modules/LocalStorage`)
  - NetworkService (from `Modules/NetworkService`)
  - NetworkService/NetworkServiceTests (from `Modules/NetworkService`)
  - Users (from `Modules/Users`)
  - Users/UsersTests (from `Modules/Users`)

SPEC REPOS:
  trunk:
    - Alamofire
    - Kingfisher
    - Moya
    - RxAlamofire
    - RxCocoa
    - RxRelay
    - RxSwift
    - RxTest
    - SnapKit
    - SnapshotTesting

EXTERNAL SOURCES:
  AppShared:
    :path: Modules/AppShared
  Coordinator:
    :path: Modules/Coordinator
  Data:
    :path: Modules/Data
  DesignSystem:
    :path: Modules/DesignSystem
  Domain:
    :path: Modules/Domain
  LocalStorage:
    :path: Modules/LocalStorage
  NetworkService:
    :path: Modules/NetworkService
  Users:
    :path: Modules/Users

SPEC CHECKSUMS:
  Alamofire: 840d2a1ad82355b536ec6ba5f97e5bfa54600ca3
  AppShared: 9d4c1a612c1ac32dfc9361795b7e68ca791449f8
  Coordinator: 830f58b14c6faee47d6de3280db663f264b14364
  Data: eb6ac2e68ebdc5642050cf443670d39d22263043
  DesignSystem: e31fdcafea846b4d6b020527bc1a3047cc5e26d4
  Domain: 503dd27e837e71b427dafeb18b6f2450f57ce615
  Kingfisher: fc2788e497306f97fdef6e4df49f02106cb57788
  LocalStorage: fb36a71e2e3eceb47e311d0e599793e7833a3cf0
  Moya: 138f0573e53411fb3dc17016add0b748dfbd78ee
  NetworkService: 532c564057b5ee4df80120b9c3cdd5cb228e8b10
  RxAlamofire: beb75a1c452d0de225651db4903f5d29d034a620
  RxCocoa: 2d33c1e1e5d66492052ad46b11024ae287572880
  RxRelay: 335c78b926a2aea8d863a6d25f1ed3b5ad8e8705
  RxSwift: 4e28be97cbcfeee614af26d83415febbf2bf6f45
  RxTest: d0fa1ec82feb41efa826a59173ec65eafbbe4aaf
  SnapKit: d612e99e678a2d3b95bf60b0705ed0a35c03484a
  SnapshotTesting: 6141c48b6aa76ead61431ca665c14ab9a066c53b
  Users: d3faa8a95434b99d193fc3faf7621989b7348ab9

PODFILE CHECKSUM: f7bacc73158d337f7368ac2c4f739c7b8c42fc17

COCOAPODS: 1.15.2
